
Microsoft Visual Studio Solution File, Format Version 12.00
# Visual Studio 14
VisualStudioVersion = 14.0.23107.0
MinimumVisualStudioVersion = 10.0.40219.1
Project("{FAE04EC0-301F-11D3-BF4B-00C04F79EFBC}") = "Exercise01.Cmd", "Exercise01.Cmd\Exercise01.Cmd.csproj", "{98970478-96EB-496B-A23C-778C5939F680}"
EndProject
Project("{FAE04EC0-301F-11D3-BF4B-00C04F79EFBC}") = "TurnCommerce.BizLogic", "TurnCommerce.BizLogic\TurnCommerce.BizLogic.csproj", "{66D92F8E-592A-4DF6-8D22-693CEA1FB07C}"
EndProject
Project("{FAE04EC0-301F-11D3-BF4B-00C04F79EFBC}") = "Exercise02.Cmd", "Exercise02.Cmd\Exercise02.Cmd.csproj", "{1ED97EB3-6113-4D3D-8373-0A46B1D74D93}"
EndProject
Global
	GlobalSection(SolutionConfigurationPlatforms) = preSolution
		Debug|Any CPU = Debug|Any CPU
		Release|Any CPU = Release|Any CPU
	EndGlobalSection
	GlobalSection(ProjectConfigurationPlatforms) = postSolution
		{98970478-96EB-496B-A23C-778C5939F680}.Debug|Any CPU.ActiveCfg = Debug|Any CPU
		{98970478-96EB-496B-A23C-778C5939F680}.Debug|Any CPU.Build.0 = Debug|Any CPU
		{98970478-96EB-496B-A23C-778C5939F680}.Release|Any CPU.ActiveCfg = Release|Any CPU
		{98970478-96EB-496B-A23C-778C5939F680}.Release|Any CPU.Build.0 = Release|Any CPU
		{66D92F8E-592A-4DF6-8D22-693CEA1FB07C}.Debug|Any CPU.ActiveCfg = Debug|Any CPU
		{66D92F8E-592A-4DF6-8D22-693CEA1FB07C}.Debug|Any CPU.Build.0 = Debug|Any CPU
		{66D92F8E-592A-4DF6-8D22-693CEA1FB07C}.Release|Any CPU.ActiveCfg = Release|Any CPU
		{66D92F8E-592A-4DF6-8D22-693CEA1FB07C}.Release|Any CPU.Build.0 = Release|Any CPU
		{1ED97EB3-6113-4D3D-8373-0A46B1D74D93}.Debug|Any CPU.ActiveCfg = Debug|Any CPU
		{1ED97EB3-6113-4D3D-8373-0A46B1D74D93}.Debug|Any CPU.Build.0 = Debug|Any CPU
		{1ED97EB3-6113-4D3D-8373-0A46B1D74D93}.Release|Any CPU.ActiveCfg = Release|Any CPU
		{1ED97EB3-6113-4D3D-8373-0A46B1D74D93}.Release|Any CPU.Build.0 = Release|Any CPU
	EndGlobalSection
	GlobalSection(SolutionProperties) = preSolution
		HideSolutionNode = FALSE
	EndGlobalSection
EndGlobal
